
Microsoft Visual Studio Solution File, Format Version 12.00
# Visual Studio Version 17
VisualStudioVersion = 17.11.35222.181
MinimumVisualStudioVersion = 10.0.40219.1
Project("{FAE04EC0-301F-11D3-BF4B-00C04F79EFBC}") = "ArrayDemo081124", "ArrayDemo081124\ArrayDemo081124.csproj", "{396216E2-5B57-4236-A122-399D49742ED4}"
EndProject
Global
	GlobalSection(SolutionConfigurationPlatforms) = preSolution
		Debug|Any CPU = Debug|Any CPU
		Release|Any CPU = Release|Any CPU
	EndGlobalSection
	GlobalSection(ProjectConfigurationPlatforms) = postSolution
		{396216E2-5B57-4236-A122-399D49742ED4}.Debug|Any CPU.ActiveCfg = Debug|Any CPU
		{396216E2-5B57-4236-A122-399D49742ED4}.Debug|Any CPU.Build.0 = Debug|Any CPU
		{396216E2-5B57-4236-A122-399D49742ED4}.Release|Any CPU.ActiveCfg = Release|Any CPU
		{396216E2-5B57-4236-A122-399D49742ED4}.Release|Any CPU.Build.0 = Release|Any CPU
	EndGlobalSection
	GlobalSection(SolutionProperties) = preSolution
		HideSolutionNode = FALSE
	EndGlobalSection
	GlobalSection(ExtensibilityGlobals) = postSolution
		SolutionGuid = {DBF84EDF-4571-4917-AE33-8FA28C9F0536}
	EndGlobalSection
EndGlobal
